# THIS IS AN AUTOGENERATED FILE. DO NOT EDIT THIS FILE DIRECTLY.
# yarn lockfile v1


fast-xml-parser@^4.3.2:
  version "4.3.2"
  resolved "https://registry.yarnpkg.com/fast-xml-parser/-/fast-xml-parser-4.3.2.tgz#761e641260706d6e13251c4ef8e3f5694d4b0d79"
  integrity sha512-rmrXUXwbJedoXkStenj1kkljNF7ugn5ZjR9FJcwmCfcCbtOMDghPajbc+Tck6vE6F5XsDmx+Pr2le9fw8+pXBg==
  dependencies:
    strnum "^1.0.5"

strnum@^1.0.5:
  version "1.0.5"
  resolved "https://registry.yarnpkg.com/strnum/-/strnum-1.0.5.tgz#5c4e829fe15ad4ff0d20c3db5ac97b73c9b072db"
  integrity sha512-J8bbNyKKXl5qYcR36TIO8W3mVGVHrmmxsd5PAItGkmyzwJvybiw2IVq5nqd0i4LSNSkB/sx9VHllbfFdr9k1JA==
